
Microsoft Visual Studio Solution File, Format Version 12.00
# Visual Studio Version 17
VisualStudioVersion = 17.3.32929.385
MinimumVisualStudioVersion = 10.0.40219.1
Project("{FAE04EC0-301F-11D3-BF4B-00C04F79EFBC}") = "EncuestasCMD", "EncuestasCMD\EncuestasCMD.csproj", "{C34AC50C-A46F-4559-8A80-9A693796875E}"
EndProject
Project("{FAE04EC0-301F-11D3-BF4B-00C04F79EFBC}") = "EncuestasLib", "EncuestasLib\EncuestasLib.csproj", "{3A7F559E-8821-4352-806A-DADEF87932F6}"
EndProject
Project("{FAE04EC0-301F-11D3-BF4B-00C04F79EFBC}") = "EncuestasForm", "EncuestasForm\EncuestasForm.csproj", "{C0A58895-F947-40AA-A7CF-89641A77D35F}"
EndProject
Global
	GlobalSection(SolutionConfigurationPlatforms) = preSolution
		Debug|Any CPU = Debug|Any CPU
		Release|Any CPU = Release|Any CPU
	EndGlobalSection
	GlobalSection(ProjectConfigurationPlatforms) = postSolution
		{C34AC50C-A46F-4559-8A80-9A693796875E}.Debug|Any CPU.ActiveCfg = Debug|Any CPU
		{C34AC50C-A46F-4559-8A80-9A693796875E}.Debug|Any CPU.Build.0 = Debug|Any CPU
		{C34AC50C-A46F-4559-8A80-9A693796875E}.Release|Any CPU.ActiveCfg = Release|Any CPU
		{C34AC50C-A46F-4559-8A80-9A693796875E}.Release|Any CPU.Build.0 = Release|Any CPU
		{3A7F559E-8821-4352-806A-DADEF87932F6}.Debug|Any CPU.ActiveCfg = Debug|Any CPU
		{3A7F559E-8821-4352-806A-DADEF87932F6}.Debug|Any CPU.Build.0 = Debug|Any CPU
		{3A7F559E-8821-4352-806A-DADEF87932F6}.Release|Any CPU.ActiveCfg = Release|Any CPU
		{3A7F559E-8821-4352-806A-DADEF87932F6}.Release|Any CPU.Build.0 = Release|Any CPU
		{C0A58895-F947-40AA-A7CF-89641A77D35F}.Debug|Any CPU.ActiveCfg = Debug|Any CPU
		{C0A58895-F947-40AA-A7CF-89641A77D35F}.Debug|Any CPU.Build.0 = Debug|Any CPU
		{C0A58895-F947-40AA-A7CF-89641A77D35F}.Release|Any CPU.ActiveCfg = Release|Any CPU
		{C0A58895-F947-40AA-A7CF-89641A77D35F}.Release|Any CPU.Build.0 = Release|Any CPU
	EndGlobalSection
	GlobalSection(SolutionProperties) = preSolution
		HideSolutionNode = FALSE
	EndGlobalSection
	GlobalSection(ExtensibilityGlobals) = postSolution
		SolutionGuid = {D061348B-7FA8-4E2F-B415-8EE7DF220359}
	EndGlobalSection
EndGlobal
